
Microsoft Visual Studio Solution File, Format Version 12.00
# Visual Studio 15
VisualStudioVersion = 15.0.28010.2048
MinimumVisualStudioVersion = 10.0.40219.1
Project("{FAE04EC0-301F-11D3-BF4B-00C04F79EFBC}") = "Server", "Server\Server.csproj", "{B593B6AC-90EE-4B11-974B-95855F9D4FB7}"
EndProject
Project("{FAE04EC0-301F-11D3-BF4B-00C04F79EFBC}") = "Client", "Client\Client.csproj", "{7F591425-CACC-4F49-A963-958134C17F00}"
EndProject
Global
	GlobalSection(SolutionConfigurationPlatforms) = preSolution
		Debug|Any CPU = Debug|Any CPU
		Release|Any CPU = Release|Any CPU
	EndGlobalSection
	GlobalSection(ProjectConfigurationPlatforms) = postSolution
		{B593B6AC-90EE-4B11-974B-95855F9D4FB7}.Debug|Any CPU.ActiveCfg = Debug|Any CPU
		{B593B6AC-90EE-4B11-974B-95855F9D4FB7}.Debug|Any CPU.Build.0 = Debug|Any CPU
		{B593B6AC-90EE-4B11-974B-95855F9D4FB7}.Release|Any CPU.ActiveCfg = Release|Any CPU
		{B593B6AC-90EE-4B11-974B-95855F9D4FB7}.Release|Any CPU.Build.0 = Release|Any CPU
		{7F591425-CACC-4F49-A963-958134C17F00}.Debug|Any CPU.ActiveCfg = Debug|Any CPU
		{7F591425-CACC-4F49-A963-958134C17F00}.Debug|Any CPU.Build.0 = Debug|Any CPU
		{7F591425-CACC-4F49-A963-958134C17F00}.Release|Any CPU.ActiveCfg = Release|Any CPU
		{7F591425-CACC-4F49-A963-958134C17F00}.Release|Any CPU.Build.0 = Release|Any CPU
	EndGlobalSection
	GlobalSection(SolutionProperties) = preSolution
		HideSolutionNode = FALSE
	EndGlobalSection
	GlobalSection(ExtensibilityGlobals) = postSolution
		SolutionGuid = {E44DDFF8-7858-4F3B-AED1-3D1C472274DA}
	EndGlobalSection
EndGlobal
